# THIS IS AN AUTOGENERATED FILE. DO NOT EDIT THIS FILE DIRECTLY.
# yarn lockfile v1


google-protobuf@^3.9.0:
  version "3.9.0"
  resolved "https://registry.yarnpkg.com/google-protobuf/-/google-protobuf-3.9.0.tgz#1f33e51e7993ea51e758a82650ad4347273b9bc6"
  integrity sha512-/t/7NvL9jAmfXLdqJG7Nv2c5Z2GTdZSKi/T6kI3hpIS4yA6rXqBAMF4Yx39xbICWDgRv+R+Z79n7ZxuvoUQU4w==

grpc-web@^1.0.5:
  version "1.0.5"
  resolved "https://registry.yarnpkg.com/grpc-web/-/grpc-web-1.0.5.tgz#7b5802ba1e0d933eb62e05dfb223447142e83b7f"
  integrity sha512-d1+0OMqxNfW/ljtcIu/rKYyxrO7uy2A1FV4FQVAh3NXNPvpda/snsSv2+j1Yzko6sDLW7Ii5tKCgzPupVQtXUg==

xmlhttprequest@^1.8.0:
  version "1.8.0"
  resolved "https://registry.yarnpkg.com/xmlhttprequest/-/xmlhttprequest-1.8.0.tgz#67fe075c5c24fef39f9d65f5f7b7fe75171968fc"
  integrity sha1-Z/4HXFwk/vOfnWX197f+dRcZaPw=
